
Microsoft Visual Studio Solution File, Format Version 12.00
# Visual Studio Version 16
VisualStudioVersion = 16.0.31911.196
MinimumVisualStudioVersion = 10.0.40219.1
Project("{FAE04EC0-301F-11D3-BF4B-00C04F79EFBC}") = "PracticoA", "PracticoA\PracticoA.csproj", "{D00A91AF-1836-4D7A-81F5-2237B533DC25}"
EndProject
Global
	GlobalSection(SolutionConfigurationPlatforms) = preSolution
		Debug|Any CPU = Debug|Any CPU
		Release|Any CPU = Release|Any CPU
	EndGlobalSection
	GlobalSection(ProjectConfigurationPlatforms) = postSolution
		{D00A91AF-1836-4D7A-81F5-2237B533DC25}.Debug|Any CPU.ActiveCfg = Debug|Any CPU
		{D00A91AF-1836-4D7A-81F5-2237B533DC25}.Debug|Any CPU.Build.0 = Debug|Any CPU
		{D00A91AF-1836-4D7A-81F5-2237B533DC25}.Release|Any CPU.ActiveCfg = Release|Any CPU
		{D00A91AF-1836-4D7A-81F5-2237B533DC25}.Release|Any CPU.Build.0 = Release|Any CPU
	EndGlobalSection
	GlobalSection(SolutionProperties) = preSolution
		HideSolutionNode = FALSE
	EndGlobalSection
	GlobalSection(ExtensibilityGlobals) = postSolution
		SolutionGuid = {3BA5B120-4DEB-49AF-AAF6-C3DCBC088DAB}
	EndGlobalSection
EndGlobal
